
Microsoft Visual Studio Solution File, Format Version 12.00
# Visual Studio Version 17
VisualStudioVersion = 17.5.33530.505
MinimumVisualStudioVersion = 10.0.40219.1
Project("{FAE04EC0-301F-11D3-BF4B-00C04F79EFBC}") = "Moble_List_Application", "Moble_List_Application\Moble_List_Application.csproj", "{BB52CBAB-3542-47C5-A5E2-C6C1506BF9D5}"
EndProject
Global
	GlobalSection(SolutionConfigurationPlatforms) = preSolution
		Debug|Any CPU = Debug|Any CPU
		Release|Any CPU = Release|Any CPU
	EndGlobalSection
	GlobalSection(ProjectConfigurationPlatforms) = postSolution
		{BB52CBAB-3542-47C5-A5E2-C6C1506BF9D5}.Debug|Any CPU.ActiveCfg = Debug|Any CPU
		{BB52CBAB-3542-47C5-A5E2-C6C1506BF9D5}.Debug|Any CPU.Build.0 = Debug|Any CPU
		{BB52CBAB-3542-47C5-A5E2-C6C1506BF9D5}.Release|Any CPU.ActiveCfg = Release|Any CPU
		{BB52CBAB-3542-47C5-A5E2-C6C1506BF9D5}.Release|Any CPU.Build.0 = Release|Any CPU
	EndGlobalSection
	GlobalSection(SolutionProperties) = preSolution
		HideSolutionNode = FALSE
	EndGlobalSection
	GlobalSection(ExtensibilityGlobals) = postSolution
		SolutionGuid = {8680FFEF-E530-40B2-8750-57B996591C0C}
	EndGlobalSection
EndGlobal
